
Microsoft Visual Studio Solution File, Format Version 12.00
# Visual Studio Version 18
VisualStudioVersion = 18.0.11217.181 d18.0
MinimumVisualStudioVersion = 10.0.40219.1
Project("{FAE04EC0-301F-11D3-BF4B-00C04F79EFBC}") = "Gated_System", "Gated_System.csproj", "{6497FBFF-DC3A-FFBA-AD69-D8C11D66C07F}"
EndProject
Global
	GlobalSection(SolutionConfigurationPlatforms) = preSolution
		Debug|Any CPU = Debug|Any CPU
		Release|Any CPU = Release|Any CPU
	EndGlobalSection
	GlobalSection(ProjectConfigurationPlatforms) = postSolution
		{6497FBFF-DC3A-FFBA-AD69-D8C11D66C07F}.Debug|Any CPU.ActiveCfg = Debug|Any CPU
		{6497FBFF-DC3A-FFBA-AD69-D8C11D66C07F}.Debug|Any CPU.Build.0 = Debug|Any CPU
		{6497FBFF-DC3A-FFBA-AD69-D8C11D66C07F}.Release|Any CPU.ActiveCfg = Release|Any CPU
		{6497FBFF-DC3A-FFBA-AD69-D8C11D66C07F}.Release|Any CPU.Build.0 = Release|Any CPU
	EndGlobalSection
	GlobalSection(SolutionProperties) = preSolution
		HideSolutionNode = FALSE
	EndGlobalSection
	GlobalSection(ExtensibilityGlobals) = postSolution
		SolutionGuid = {B12CD70F-C77A-4D34-BB75-D833D474DA91}
	EndGlobalSection
EndGlobal
